
Microsoft Visual Studio Solution File, Format Version 12.00
# Visual Studio Version 17
VisualStudioVersion = 17.8.34322.80
MinimumVisualStudioVersion = 10.0.40219.1
Project("{FAE04EC0-301F-11D3-BF4B-00C04F79EFBC}") = "WebAppArchitecture", "WebAppArchitecture\WebAppArchitecture.csproj", "{B989674D-7BEB-4502-8323-E65A40319335}"
EndProject
Global
	GlobalSection(SolutionConfigurationPlatforms) = preSolution
		Debug|Any CPU = Debug|Any CPU
		Release|Any CPU = Release|Any CPU
	EndGlobalSection
	GlobalSection(ProjectConfigurationPlatforms) = postSolution
		{B989674D-7BEB-4502-8323-E65A40319335}.Debug|Any CPU.ActiveCfg = Debug|Any CPU
		{B989674D-7BEB-4502-8323-E65A40319335}.Debug|Any CPU.Build.0 = Debug|Any CPU
		{B989674D-7BEB-4502-8323-E65A40319335}.Release|Any CPU.ActiveCfg = Release|Any CPU
		{B989674D-7BEB-4502-8323-E65A40319335}.Release|Any CPU.Build.0 = Release|Any CPU
	EndGlobalSection
	GlobalSection(SolutionProperties) = preSolution
		HideSolutionNode = FALSE
	EndGlobalSection
	GlobalSection(ExtensibilityGlobals) = postSolution
		SolutionGuid = {C01DE7FA-A18F-493D-80C0-75D0B5EC76C6}
	EndGlobalSection
EndGlobal
